
Microsoft Visual Studio Solution File, Format Version 12.00
# Visual Studio Version 17
VisualStudioVersion = 17.9.34607.119
MinimumVisualStudioVersion = 10.0.40219.1
Project("{FAE04EC0-301F-11D3-BF4B-00C04F79EFBC}") = "calculadora", "calculadora\calculadora.csproj", "{E53652B7-35C9-4EC3-A6D8-CA8D4FE0FD09}"
EndProject
Global
	GlobalSection(SolutionConfigurationPlatforms) = preSolution
		Debug|Any CPU = Debug|Any CPU
		Release|Any CPU = Release|Any CPU
	EndGlobalSection
	GlobalSection(ProjectConfigurationPlatforms) = postSolution
		{E53652B7-35C9-4EC3-A6D8-CA8D4FE0FD09}.Debug|Any CPU.ActiveCfg = Debug|Any CPU
		{E53652B7-35C9-4EC3-A6D8-CA8D4FE0FD09}.Debug|Any CPU.Build.0 = Debug|Any CPU
		{E53652B7-35C9-4EC3-A6D8-CA8D4FE0FD09}.Release|Any CPU.ActiveCfg = Release|Any CPU
		{E53652B7-35C9-4EC3-A6D8-CA8D4FE0FD09}.Release|Any CPU.Build.0 = Release|Any CPU
	EndGlobalSection
	GlobalSection(SolutionProperties) = preSolution
		HideSolutionNode = FALSE
	EndGlobalSection
	GlobalSection(ExtensibilityGlobals) = postSolution
		SolutionGuid = {5C8DF30B-E84C-44EB-84D9-49E6CF6480C6}
	EndGlobalSection
EndGlobal
