
Microsoft Visual Studio Solution File, Format Version 12.00
# Visual Studio Version 17
VisualStudioVersion = 17.9.34607.119
MinimumVisualStudioVersion = 10.0.40219.1
Project("{FAE04EC0-301F-11D3-BF4B-00C04F79EFBC}") = "noti", "noti\noti.csproj", "{C65A6455-CC73-4B73-948C-EBB8354E270B}"
EndProject
Global
	GlobalSection(SolutionConfigurationPlatforms) = preSolution
		Debug|Any CPU = Debug|Any CPU
		Release|Any CPU = Release|Any CPU
	EndGlobalSection
	GlobalSection(ProjectConfigurationPlatforms) = postSolution
		{C65A6455-CC73-4B73-948C-EBB8354E270B}.Debug|Any CPU.ActiveCfg = Debug|Any CPU
		{C65A6455-CC73-4B73-948C-EBB8354E270B}.Debug|Any CPU.Build.0 = Debug|Any CPU
		{C65A6455-CC73-4B73-948C-EBB8354E270B}.Release|Any CPU.ActiveCfg = Release|Any CPU
		{C65A6455-CC73-4B73-948C-EBB8354E270B}.Release|Any CPU.Build.0 = Release|Any CPU
	EndGlobalSection
	GlobalSection(SolutionProperties) = preSolution
		HideSolutionNode = FALSE
	EndGlobalSection
	GlobalSection(ExtensibilityGlobals) = postSolution
		SolutionGuid = {3AD12CC2-D08F-4255-877F-5AB195BF08E1}
	EndGlobalSection
EndGlobal
